# THIS IS AN AUTOGENERATED FILE. DO NOT EDIT THIS FILE DIRECTLY.
# yarn lockfile v1


typescript@^3.1.5:
  version "3.1.5"
  resolved "https://nexus.perspectium.net/repository/npm/typescript/-/typescript-3.1.5.tgz#93d8b6864375325a91177372cb370ae0ae3a0703"
  integrity sha512-muYNWV9j5+3mXoKD6oPONKuGUmYiFX14gfo9lWm9ZXRHOqVDQiB4q1CzFPbF4QLV2E9TZXH6oK55oQ94rn3PpA==
